
Microsoft Visual Studio Solution File, Format Version 11.00
# Visual Studio 2010
Project("{FAE04EC0-301F-11D3-BF4B-00C04F79EFBC}") = "A1Types", "A1Types\A1Types.csproj", "{DD4ECF81-97E9-49E0-AF8F-70A4A9CB3025}"
EndProject
Global
	GlobalSection(SolutionConfigurationPlatforms) = preSolution
		Debug|Any CPU = Debug|Any CPU
		Release|Any CPU = Release|Any CPU
	EndGlobalSection
	GlobalSection(ProjectConfigurationPlatforms) = postSolution
		{DD4ECF81-97E9-49E0-AF8F-70A4A9CB3025}.Debug|Any CPU.ActiveCfg = Debug|Any CPU
		{DD4ECF81-97E9-49E0-AF8F-70A4A9CB3025}.Debug|Any CPU.Build.0 = Debug|Any CPU
		{DD4ECF81-97E9-49E0-AF8F-70A4A9CB3025}.Release|Any CPU.ActiveCfg = Release|Any CPU
		{DD4ECF81-97E9-49E0-AF8F-70A4A9CB3025}.Release|Any CPU.Build.0 = Release|Any CPU
	EndGlobalSection
	GlobalSection(SolutionProperties) = preSolution
		HideSolutionNode = FALSE
	EndGlobalSection
EndGlobal
